
Microsoft Visual Studio Solution File, Format Version 12.00
# Visual Studio Version 16
VisualStudioVersion = 16.0.31205.134
MinimumVisualStudioVersion = 10.0.40219.1
Project("{9A19103F-16F7-4668-BE54-9A1E7A4F7556}") = "SOAPTools", "SOAPTools\SOAPTools.csproj", "{14A4AFF1-ABD0-4F17-AE64-220E22B18A22}"
EndProject
Project("{9A19103F-16F7-4668-BE54-9A1E7A4F7556}") = "TestingSOAPTools", "TestingSOAPTools\TestingSOAPTools.csproj", "{7CBDE260-AB5F-4DFD-8623-62B0BE67873D}"
EndProject
Global
	GlobalSection(SolutionConfigurationPlatforms) = preSolution
		Debug|Any CPU = Debug|Any CPU
		Release|Any CPU = Release|Any CPU
	EndGlobalSection
	GlobalSection(ProjectConfigurationPlatforms) = postSolution
		{14A4AFF1-ABD0-4F17-AE64-220E22B18A22}.Debug|Any CPU.ActiveCfg = Debug|Any CPU
		{14A4AFF1-ABD0-4F17-AE64-220E22B18A22}.Debug|Any CPU.Build.0 = Debug|Any CPU
		{14A4AFF1-ABD0-4F17-AE64-220E22B18A22}.Release|Any CPU.ActiveCfg = Release|Any CPU
		{14A4AFF1-ABD0-4F17-AE64-220E22B18A22}.Release|Any CPU.Build.0 = Release|Any CPU
		{7CBDE260-AB5F-4DFD-8623-62B0BE67873D}.Debug|Any CPU.ActiveCfg = Debug|Any CPU
		{7CBDE260-AB5F-4DFD-8623-62B0BE67873D}.Debug|Any CPU.Build.0 = Debug|Any CPU
		{7CBDE260-AB5F-4DFD-8623-62B0BE67873D}.Release|Any CPU.ActiveCfg = Release|Any CPU
		{7CBDE260-AB5F-4DFD-8623-62B0BE67873D}.Release|Any CPU.Build.0 = Release|Any CPU
	EndGlobalSection
	GlobalSection(SolutionProperties) = preSolution
		HideSolutionNode = FALSE
	EndGlobalSection
	GlobalSection(ExtensibilityGlobals) = postSolution
		SolutionGuid = {AC32BEB4-82A4-42D1-963D-DFA310F56092}
	EndGlobalSection
EndGlobal
